# This file is automatically @generated by Cargo.
# It is not intended for manual editing.
version = 4

[[package]]
name = "budgets"
version = "0.0.0"

[[package]]
name = "css"
version = "0.0.0"

[[package]]
name = "dom"
version = "0.0.0"

[[package]]
name = "layout"
version = "0.0.0"

[[package]]
name = "net"
version = "0.0.0"

[[package]]
name = "paint"
version = "0.0.0"

[[package]]
name = "shell"
version = "0.0.0"

[[package]]
name = "slop"
version = "0.0.0"

[[package]]
name = "text"
version = "0.0.0"
